// !$*UTF8*$!
{
	archiveVersion = 1;
	classes = {
	};
	objectVersion = 46;
	objects = {

/* Begin PBXBuildFile section */
		4B7C8A0C194CDE4300EB6125 /* Foundation.framework in Frameworks */ = {isa = PBXBuildFile; fileRef = 4B7C8A0B194CDE4300EB6125 /* Foundation.framework */; };
		4B7C8A0E194CDE4300EB6125 /* CoreGraphics.framework in Frameworks */ = {isa = PBXBuildFile; fileRef = 4B7C8A0D194CDE4300EB6125 /* CoreGraphics.framework */; };
		4B7C8A10194CDE4300EB6125 /* UIKit.framework in Frameworks */ = {isa = PBXBuildFile; fileRef = 4B7C8A0F194CDE4300EB6125 /* UIKit.framework */; };
		4B7C8A16194CDE4300EB6125 /* InfoPlist.strings in Resources */ = {isa = PBXBuildFile; fileRef = 4B7C8A14194CDE4300EB6125 /* InfoPlist.strings */; };
		4B7C8A18194CDE4300EB6125 /* main.m in Sources */ = {isa = PBXBuildFile; fileRef = 4B7C8A17194CDE4300EB6125 /* main.m */; };
		4B7C8A1C194CDE4300EB6125 /* AppDelegate.m in Sources */ = {isa = PBXBuildFile; fileRef = 4B7C8A1B194CDE4300EB6125 /* AppDelegate.m */; };
		4B7C8A1E194CDE4300EB6125 /* Images.xcassets in Resources */ = {isa = PBXBuildFile; fileRef = 4B7C8A1D194CDE4300EB6125 /* Images.xcassets */; };
		4B7C8A25194CDE4300EB6125 /* XCTest.framework in Frameworks */ = {isa = PBXBuildFile; fileRef = 4B7C8A24194CDE4300EB6125 /* XCTest.framework */; };
		4B7C8A26194CDE4300EB6125 /* Foundation.framework in Frameworks */ = {isa = PBXBuildFile; fileRef = 4B7C8A0B194CDE4300EB6125 /* Foundation.framework */; };
		4B7C8A27194CDE4300EB6125 /* UIKit.framework in Frameworks */ = {isa = PBXBuildFile; fileRef = 4B7C8A0F194CDE4300EB6125 /* UIKit.framework */; };
		4B7C8A2F194CDE4300EB6125 /* InfoPlist.strings in Resources */ = {isa = PBXBuildFile; fileRef = 4B7C8A2D194CDE4300EB6125 /* InfoPlist.strings */; };
		4B7C8A31194CDE4300EB6125 /* Week2Tests.m in Sources */ = {isa = PBXBuildFile; fileRef = 4B7C8A30194CDE4300EB6125 /* Week2Tests.m */; };
		4B7C8A3D194CDE5E00EB6125 /* LoginViewController.m in Sources */ = {isa = PBXBuildFile; fileRef = 4B7C8A3B194CDE5E00EB6125 /* LoginViewController.m */; };
		4B7C8A3E194CDE5E00EB6125 /* LoginViewController.xib in Resources */ = {isa = PBXBuildFile; fileRef = 4B7C8A3C194CDE5E00EB6125 /* LoginViewController.xib */; };
		4B7C8A42194CE0DF00EB6125 /* FeedViewController.m in Sources */ = {isa = PBXBuildFile; fileRef = 4B7C8A40194CE0DF00EB6125 /* FeedViewController.m */; };
		4B7C8A43194CE0DF00EB6125 /* FeedViewController.xib in Resources */ = {isa = PBXBuildFile; fileRef = 4B7C8A41194CE0DF00EB6125 /* FeedViewController.xib */; };
		4B7C8A47194DA2A200EB6125 /* DummyViewController.m in Sources */ = {isa = PBXBuildFile; fileRef = 4B7C8A45194DA2A200EB6125 /* DummyViewController.m */; };
		4B7C8A48194DA2A200EB6125 /* DummyViewController.xib in Resources */ = {isa = PBXBuildFile; fileRef = 4B7C8A46194DA2A200EB6125 /* DummyViewController.xib */; };
/* End PBXBuildFile section */

/* Begin PBXContainerItemProxy section */
		4B7C8A28194CDE4300EB6125 /* PBXContainerItemProxy */ = {
			isa = PBXContainerItemProxy;
			containerPortal = 4B7C8A00194CDE4300EB6125 /* Project object */;
			proxyType = 1;
			remoteGlobalIDString = 4B7C8A07194CDE4300EB6125;
			remoteInfo = Week2;
		};
/* End PBXContainerItemProxy section */

/* Begin PBXFileReference section */
		4B7C8A08194CDE4300EB6125 /* Week2.app */ = {isa = PBXFileReference; explicitFileType = wrapper.application; includeInIndex = 0; path = Week2.app; sourceTree = BUILT_PRODUCTS_DIR; };
		4B7C8A0B194CDE4300EB6125 /* Foundation.framework */ = {isa = PBXFileReference; lastKnownFileType = wrapper.framework; name = Foundation.framework; path = System/Library/Frameworks/Foundation.framework; sourceTree = SDKROOT; };
		4B7C8A0D194CDE4300EB6125 /* CoreGraphics.framework */ = {isa = PBXFileReference; lastKnownFileType = wrapper.framework; name = CoreGraphics.framework; path = System/Library/Frameworks/CoreGraphics.framework; sourceTree = SDKROOT; };
		4B7C8A0F194CDE4300EB6125 /* UIKit.framework */ = {isa = PBXFileReference; lastKnownFileType = wrapper.framework; name = UIKit.framework; path = System/Library/Frameworks/UIKit.framework; sourceTree = SDKROOT; };
		4B7C8A13194CDE4300EB6125 /* Week2-Info.plist */ = {isa = PBXFileReference; lastKnownFileType = text.plist.xml; path = "Week2-Info.plist"; sourceTree = "<group>"; };
		4B7C8A15194CDE4300EB6125 /* en */ = {isa = PBXFileReference; lastKnownFileType = text.plist.strings; name = en; path = en.lproj/InfoPlist.strings; sourceTree = "<group>"; };
		4B7C8A17194CDE4300EB6125 /* main.m */ = {isa = PBXFileReference; lastKnownFileType = sourcecode.c.objc; path = main.m; sourceTree = "<group>"; };
		4B7C8A19194CDE4300EB6125 /* Week2-Prefix.pch */ = {isa = PBXFileReference; lastKnownFileType = sourcecode.c.h; path = "Week2-Prefix.pch"; sourceTree = "<group>"; };
		4B7C8A1A194CDE4300EB6125 /* AppDelegate.h */ = {isa = PBXFileReference; lastKnownFileType = sourcecode.c.h; path = AppDelegate.h; sourceTree = "<group>"; };
		4B7C8A1B194CDE4300EB6125 /* AppDelegate.m */ = {isa = PBXFileReference; lastKnownFileType = sourcecode.c.objc; path = AppDelegate.m; sourceTree = "<group>"; };
		4B7C8A1D194CDE4300EB6125 /* Images.xcassets */ = {isa = PBXFileReference; lastKnownFileType = folder.assetcatalog; path = Images.xcassets; sourceTree = "<group>"; };
		4B7C8A23194CDE4300EB6125 /* Week2Tests.xctest */ = {isa = PBXFileReference; explicitFileType = wrapper.cfbundle; includeInIndex = 0; path = Week2Tests.xctest; sourceTree = BUILT_PRODUCTS_DIR; };
		4B7C8A24194CDE4300EB6125 /* XCTest.framework */ = {isa = PBXFileReference; lastKnownFileType = wrapper.framework; name = XCTest.framework; path = Library/Frameworks/XCTest.framework; sourceTree = DEVELOPER_DIR; };
		4B7C8A2C194CDE4300EB6125 /* Week2Tests-Info.plist */ = {isa = PBXFileReference; lastKnownFileType = text.plist.xml; path = "Week2Tests-Info.plist"; sourceTree = "<group>"; };
		4B7C8A2E194CDE4300EB6125 /* en */ = {isa = PBXFileReference; lastKnownFileType = text.plist.strings; name = en; path = en.lproj/InfoPlist.strings; sourceTree = "<group>"; };
		4B7C8A30194CDE4300EB6125 /* Week2Tests.m */ = {isa = PBXFileReference; lastKnownFileType = sourcecode.c.objc; path = Week2Tests.m; sourceTree = "<group>"; };
		4B7C8A3A194CDE5E00EB6125 /* LoginViewController.h */ = {isa = PBXFileReference; fileEncoding = 4; lastKnownFileType = sourcecode.c.h; path = LoginViewController.h; sourceTree = "<group>"; };
		4B7C8A3B194CDE5E00EB6125 /* LoginViewController.m */ = {isa = PBXFileReference; fileEncoding = 4; lastKnownFileType = sourcecode.c.objc; path = LoginViewController.m; sourceTree = "<group>"; };
		4B7C8A3C194CDE5E00EB6125 /* LoginViewController.xib */ = {isa = PBXFileReference; fileEncoding = 4; lastKnownFileType = file.xib; path = LoginViewController.xib; sourceTree = "<group>"; };
		4B7C8A3F194CE0DF00EB6125 /* FeedViewController.h */ = {isa = PBXFileReference; fileEncoding = 4; lastKnownFileType = sourcecode.c.h; path = FeedViewController.h; sourceTree = "<group>"; };
		4B7C8A40194CE0DF00EB6125 /* FeedViewController.m */ = {isa = PBXFileReference; fileEncoding = 4; lastKnownFileType = sourcecode.c.objc; path = FeedViewController.m; sourceTree = "<group>"; };
		4B7C8A41194CE0DF00EB6125 /* FeedViewController.xib */ = {isa = PBXFileReference; fileEncoding = 4; lastKnownFileType = file.xib; path = FeedViewController.xib; sourceTree = "<group>"; };
		4B7C8A44194DA2A200EB6125 /* DummyViewController.h */ = {isa = PBXFileReference; fileEncoding = 4; lastKnownFileType = sourcecode.c.h; path = DummyViewController.h; sourceTree = "<group>"; };
		4B7C8A45194DA2A200EB6125 /* DummyViewController.m */ = {isa = PBXFileReference; fileEncoding = 4; lastKnownFileType = sourcecode.c.objc; path = DummyViewController.m; sourceTree = "<group>"; };
		4B7C8A46194DA2A200EB6125 /* DummyViewController.xib */ = {isa = PBXFileReference; fileEncoding = 4; lastKnownFileType = file.xib; path = DummyViewController.xib; sourceTree = "<group>"; };
/* End PBXFileReference section */

/* Begin PBXFrameworksBuildPhase section */
		4B7C8A05194CDE4300EB6125 /* Frameworks */ = {
			isa = PBXFrameworksBuildPhase;
			buildActionMask = 2147483647;
			files = (
				4B7C8A0E194CDE4300EB6125 /* CoreGraphics.framework in Frameworks */,
				4B7C8A10194CDE4300EB6125 /* UIKit.framework in Frameworks */,
				4B7C8A0C194CDE4300EB6125 /* Foundation.framework in Frameworks */,
			);
			runOnlyForDeploymentPostprocessing = 0;
		};
		4B7C8A20194CDE4300EB6125 /* Frameworks */ = {
			isa = PBXFrameworksBuildPhase;
			buildActionMask = 2147483647;
			files = (
				4B7C8A25194CDE4300EB6125 /* XCTest.framework in Frameworks */,
				4B7C8A27194CDE4300EB6125 /* UIKit.framework in Frameworks */,
				4B7C8A26194CDE4300EB6125 /* Foundation.framework in Frameworks */,
			);
			runOnlyForDeploymentPostprocessing = 0;
		};
/* End PBXFrameworksBuildPhase section */

/* Begin PBXGroup section */
		4B7C89FF194CDE4300EB6125 = {
			isa = PBXGroup;
			children = (
				4B7C8A11194CDE4300EB6125 /* Week2 */,
				4B7C8A2A194CDE4300EB6125 /* Week2Tests */,
				4B7C8A0A194CDE4300EB6125 /* Frameworks */,
				4B7C8A09194CDE4300EB6125 /* Products */,
			);
			sourceTree = "<group>";
		};
		4B7C8A09194CDE4300EB6125 /* Products */ = {
			isa = PBXGroup;
			children = (
				4B7C8A08194CDE4300EB6125 /* Week2.app */,
				4B7C8A23194CDE4300EB6125 /* Week2Tests.xctest */,
			);
			name = Products;
			sourceTree = "<group>";
		};
		4B7C8A0A194CDE4300EB6125 /* Frameworks */ = {
			isa = PBXGroup;
			children = (
				4B7C8A0B194CDE4300EB6125 /* Foundation.framework */,
				4B7C8A0D194CDE4300EB6125 /* CoreGraphics.framework */,
				4B7C8A0F194CDE4300EB6125 /* UIKit.framework */,
				4B7C8A24194CDE4300EB6125 /* XCTest.framework */,
			);
			name = Frameworks;
			sourceTree = "<group>";
		};
		4B7C8A11194CDE4300EB6125 /* Week2 */ = {
			isa = PBXGroup;
			children = (
				4B7C8A1A194CDE4300EB6125 /* AppDelegate.h */,
				4B7C8A1B194CDE4300EB6125 /* AppDelegate.m */,
				4B7C8A44194DA2A200EB6125 /* DummyViewController.h */,
				4B7C8A45194DA2A200EB6125 /* DummyViewController.m */,
				4B7C8A46194DA2A200EB6125 /* DummyViewController.xib */,
				4B7C8A3A194CDE5E00EB6125 /* LoginViewController.h */,
				4B7C8A3B194CDE5E00EB6125 /* LoginViewController.m */,
				4B7C8A3C194CDE5E00EB6125 /* LoginViewController.xib */,
				4B7C8A3F194CE0DF00EB6125 /* FeedViewController.h */,
				4B7C8A40194CE0DF00EB6125 /* FeedViewController.m */,
				4B7C8A41194CE0DF00EB6125 /* FeedViewController.xib */,
				4B7C8A1D194CDE4300EB6125 /* Images.xcassets */,
				4B7C8A12194CDE4300EB6125 /* Supporting Files */,
			);
			path = Week2;
			sourceTree = "<group>";
		};
		4B7C8A12194CDE4300EB6125 /* Supporting Files */ = {
			isa = PBXGroup;
			children = (
				4B7C8A13194CDE4300EB6125 /* Week2-Info.plist */,
				4B7C8A14194CDE4300EB6125 /* InfoPlist.strings */,
				4B7C8A17194CDE4300EB6125 /* main.m */,
				4B7C8A19194CDE4300EB6125 /* Week2-Prefix.pch */,
			);
			name = "Supporting Files";
			sourceTree = "<group>";
		};
		4B7C8A2A194CDE4300EB6125 /* Week2Tests */ = {
			isa = PBXGroup;
			children = (
				4B7C8A30194CDE4300EB6125 /* Week2Tests.m */,
				4B7C8A2B194CDE4300EB6125 /* Supporting Files */,
			);
			path = Week2Tests;
			sourceTree = "<group>";
		};
		4B7C8A2B194CDE4300EB6125 /* Supporting Files */ = {
			isa = PBXGroup;
			children = (
				4B7C8A2C194CDE4300EB6125 /* Week2Tests-Info.plist */,
				4B7C8A2D194CDE4300EB6125 /* InfoPlist.strings */,
			);
			name = "Supporting Files";
			sourceTree = "<group>";
		};
/* End PBXGroup section */

/* Begin PBXNativeTarget section */
		4B7C8A07194CDE4300EB6125 /* Week2 */ = {
			isa = PBXNativeTarget;
			buildConfigurationList = 4B7C8A34194CDE4300EB6125 /* Build configuration list for PBXNativeTarget "Week2" */;
			buildPhases = (
				4B7C8A04194CDE4300EB6125 /* Sources */,
				4B7C8A05194CDE4300EB6125 /* Frameworks */,
				4B7C8A06194CDE4300EB6125 /* Resources */,
			);
			buildRules = (
			);
			dependencies = (
			);
			name = Week2;
			productName = Week2;
			productReference = 4B7C8A08194CDE4300EB6125 /* Week2.app */;
			productType = "com.apple.product-type.application";
		};
		4B7C8A22194CDE4300EB6125 /* Week2Tests */ = {
			isa = PBXNativeTarget;
			buildConfigurationList = 4B7C8A37194CDE4300EB6125 /* Build configuration list for PBXNativeTarget "Week2Tests" */;
			buildPhases = (
				4B7C8A1F194CDE4300EB6125 /* Sources */,
				4B7C8A20194CDE4300EB6125 /* Frameworks */,
				4B7C8A21194CDE4300EB6125 /* Resources */,
			);
			buildRules = (
			);
			dependencies = (
				4B7C8A29194CDE4300EB6125 /* PBXTargetDependency */,
			);
			name = Week2Tests;
			productName = Week2Tests;
			productReference = 4B7C8A23194CDE4300EB6125 /* Week2Tests.xctest */;
			productType = "com.apple.product-type.bundle.unit-test";
		};
/* End PBXNativeTarget section */

/* Begin PBXProject section */
		4B7C8A00194CDE4300EB6125 /* Project object */ = {
			isa = PBXProject;
			attributes = {
				LastUpgradeCheck = 0510;
				ORGANIZATIONNAME = Jason;
				TargetAttributes = {
					4B7C8A22194CDE4300EB6125 = {
						TestTargetID = 4B7C8A07194CDE4300EB6125;
					};
				};
			};
			buildConfigurationList = 4B7C8A03194CDE4300EB6125 /* Build configuration list for PBXProject "Week2" */;
			compatibilityVersion = "Xcode 3.2";
			developmentRegion = English;
			hasScannedForEncodings = 0;
			knownRegions = (
				en,
			);
			mainGroup = 4B7C89FF194CDE4300EB6125;
			productRefGroup = 4B7C8A09194CDE4300EB6125 /* Products */;
			projectDirPath = "";
			projectRoot = "";
			targets = (
				4B7C8A07194CDE4300EB6125 /* Week2 */,
				4B7C8A22194CDE4300EB6125 /* Week2Tests */,
			);
		};
/* End PBXProject section */

/* Begin PBXResourcesBuildPhase section */
		4B7C8A06194CDE4300EB6125 /* Resources */ = {
			isa = PBXResourcesBuildPhase;
			buildActionMask = 2147483647;
			files = (
				4B7C8A16194CDE4300EB6125 /* InfoPlist.strings in Resources */,
				4B7C8A1E194CDE4300EB6125 /* Images.xcassets in Resources */,
				4B7C8A43194CE0DF00EB6125 /* FeedViewController.xib in Resources */,
				4B7C8A3E194CDE5E00EB6125 /* LoginViewController.xib in Resources */,
				4B7C8A48194DA2A200EB6125 /* DummyViewController.xib in Resources */,
			);
			runOnlyForDeploymentPostprocessing = 0;
		};
		4B7C8A21194CDE4300EB6125 /* Resources */ = {
			isa = PBXResourcesBuildPhase;
			buildActionMask = 2147483647;
			files = (
				4B7C8A2F194CDE4300EB6125 /* InfoPlist.strings in Resources */,
			);
			runOnlyForDeploymentPostprocessing = 0;
		};
/* End PBXResourcesBuildPhase section */

/* Begin PBXSourcesBuildPhase section */
		4B7C8A04194CDE4300EB6125 /* Sources */ = {
			isa = PBXSourcesBuildPhase;
			buildActionMask = 2147483647;
			files = (
				4B7C8A47194DA2A200EB6125 /* DummyViewController.m in Sources */,
				4B7C8A1C194CDE4300EB6125 /* AppDelegate.m in Sources */,
				4B7C8A18194CDE4300EB6125 /* main.m in Sources */,
				4B7C8A42194CE0DF00EB6125 /* FeedViewController.m in Sources */,
				4B7C8A3D194CDE5E00EB6125 /* LoginViewController.m in Sources */,
			);
			runOnlyForDeploymentPostprocessing = 0;
		};
		4B7C8A1F194CDE4300EB6125 /* Sources */ = {
			isa = PBXSourcesBuildPhase;
			buildActionMask = 2147483647;
			files = (
				4B7C8A31194CDE4300EB6125 /* Week2Tests.m in Sources */,
			);
			runOnlyForDeploymentPostprocessing = 0;
		};
/* End PBXSourcesBuildPhase section */

/* Begin PBXTargetDependency section */
		4B7C8A29194CDE4300EB6125 /* PBXTargetDependency */ = {
			isa = PBXTargetDependency;
			target = 4B7C8A07194CDE4300EB6125 /* Week2 */;
			targetProxy = 4B7C8A28194CDE4300EB6125 /* PBXContainerItemProxy */;
		};
/* End PBXTargetDependency section */

/* Begin PBXVariantGroup section */
		4B7C8A14194CDE4300EB6125 /* InfoPlist.strings */ = {
			isa = PBXVariantGroup;
			children = (
				4B7C8A15194CDE4300EB6125 /* en */,
			);
			name = InfoPlist.strings;
			sourceTree = "<group>";
		};
		4B7C8A2D194CDE4300EB6125 /* InfoPlist.strings */ = {
			isa = PBXVariantGroup;
			children = (
				4B7C8A2E194CDE4300EB6125 /* en */,
			);
			name = InfoPlist.strings;
			sourceTree = "<group>";
		};
/* End PBXVariantGroup section */

/* Begin XCBuildConfiguration section */
		4B7C8A32194CDE4300EB6125 /* Debug */ = {
			isa = XCBuildConfiguration;
			buildSettings = {
				ALWAYS_SEARCH_USER_PATHS = NO;
				CLANG_CXX_LANGUAGE_STANDARD = "gnu++0x";
				CLANG_CXX_LIBRARY = "libc++";
				CLANG_ENABLE_MODULES = YES;
				CLANG_ENABLE_OBJC_ARC = YES;
				CLANG_WARN_BOOL_CONVERSION = YES;
				CLANG_WARN_CONSTANT_CONVERSION = YES;
				CLANG_WARN_DIRECT_OBJC_ISA_USAGE = YES_ERROR;
				CLANG_WARN_EMPTY_BODY = YES;
				CLANG_WARN_ENUM_CONVERSION = YES;
				CLANG_WARN_INT_CONVERSION = YES;
				CLANG_WARN_OBJC_ROOT_CLASS = YES_ERROR;
				CLANG_WARN__DUPLICATE_METHOD_MATCH = YES;
				"CODE_SIGN_IDENTITY[sdk=iphoneos*]" = "iPhone Developer";
				COPY_PHASE_STRIP = NO;
				GCC_C_LANGUAGE_STANDARD = gnu99;
				GCC_DYNAMIC_NO_PIC = NO;
				GCC_OPTIMIZATION_LEVEL = 0;
				GCC_PREPROCESSOR_DEFINITIONS = (
					"DEBUG=1",
					"$(inherited)",
				);
				GCC_SYMBOLS_PRIVATE_EXTERN = NO;
				GCC_WARN_64_TO_32_BIT_CONVERSION = YES;
				GCC_WARN_ABOUT_RETURN_TYPE = YES_ERROR;
				GCC_WARN_UNDECLARED_SELECTOR = YES;
				GCC_WARN_UNINITIALIZED_AUTOS = YES_AGGRESSIVE;
				GCC_WARN_UNUSED_FUNCTION = YES;
				GCC_WARN_UNUSED_VARIABLE = YES;
				IPHONEOS_DEPLOYMENT_TARGET = 7.1;
				ONLY_ACTIVE_ARCH = YES;
				SDKROOT = iphoneos;
			};
			name = Debug;
		};
		4B7C8A33194CDE4300EB6125 /* Release */ = {
			isa = XCBuildConfiguration;
			buildSettings = {
				ALWAYS_SEARCH_USER_PATHS = NO;
				CLANG_CXX_LANGUAGE_STANDARD = "gnu++0x";
				CLANG_CXX_LIBRARY = "libc++";
				CLANG_ENABLE_MODULES = YES;
				CLANG_ENABLE_OBJC_ARC = YES;
				CLANG_WARN_BOOL_CONVERSION = YES;
				CLANG_WARN_CONSTANT_CONVERSION = YES;
				CLANG_WARN_DIRECT_OBJC_ISA_USAGE = YES_ERROR;
				CLANG_WARN_EMPTY_BODY = YES;
				CLANG_WARN_ENUM_CONVERSION = YES;
				CLANG_WARN_INT_CONVERSION = YES;
				CLANG_WARN_OBJC_ROOT_CLASS = YES_ERROR;
				CLANG_WARN__DUPLICATE_METHOD_MATCH = YES;
				"CODE_SIGN_IDENTITY[sdk=iphoneos*]" = "iPhone Developer";
				COPY_PHASE_STRIP = YES;
				ENABLE_NS_ASSERTIONS = NO;
				GCC_C_LANGUAGE_STANDARD = gnu99;
				GCC_WARN_64_TO_32_BIT_CONVERSION = YES;
				GCC_WARN_ABOUT_RETURN_TYPE = YES_ERROR;
				GCC_WARN_UNDECLARED_SELECTOR = YES;
				GCC_WARN_UNINITIALIZED_AUTOS = YES_AGGRESSIVE;
				GCC_WARN_UNUSED_FUNCTION = YES;
				GCC_WARN_UNUSED_VARIABLE = YES;
				IPHONEOS_DEPLOYMENT_TARGET = 7.1;
				SDKROOT = iphoneos;
				VALIDATE_PRODUCT = YES;
			};
			name = Release;
		};
		4B7C8A35194CDE4300EB6125 /* Debug */ = {
			isa = XCBuildConfiguration;
			buildSettings = {
				ASSETCATALOG_COMPILER_APPICON_NAME = AppIcon;
				ASSETCATALOG_COMPILER_LAUNCHIMAGE_NAME = LaunchImage;
				GCC_PRECOMPILE_PREFIX_HEADER = YES;
				GCC_PREFIX_HEADER = "Week2/Week2-Prefix.pch";
				INFOPLIST_FILE = "Week2/Week2-Info.plist";
				PRODUCT_NAME = "$(TARGET_NAME)";
				WRAPPER_EXTENSION = app;
			};
			name = Debug;
		};
		4B7C8A36194CDE4300EB6125 /* Release */ = {
			isa = XCBuildConfiguration;
			buildSettings = {
				ASSETCATALOG_COMPILER_APPICON_NAME = AppIcon;
				ASSETCATALOG_COMPILER_LAUNCHIMAGE_NAME = LaunchImage;
				GCC_PRECOMPILE_PREFIX_HEADER = YES;
				GCC_PREFIX_HEADER = "Week2/Week2-Prefix.pch";
				INFOPLIST_FILE = "Week2/Week2-Info.plist";
				PRODUCT_NAME = "$(TARGET_NAME)";
				WRAPPER_EXTENSION = app;
			};
			name = Release;
		};
		4B7C8A38194CDE4300EB6125 /* Debug */ = {
			isa = XCBuildConfiguration;
			buildSettings = {
				BUNDLE_LOADER = "$(BUILT_PRODUCTS_DIR)/Week2.app/Week2";
				FRAMEWORK_SEARCH_PATHS = (
					"$(SDKROOT)/Developer/Library/Frameworks",
					"$(inherited)",
					"$(DEVELOPER_FRAMEWORKS_DIR)",
				);
				GCC_PRECOMPILE_PREFIX_HEADER = YES;
				GCC_PREFIX_HEADER = "Week2/Week2-Prefix.pch";
				GCC_PREPROCESSOR_DEFINITIONS = (
					"DEBUG=1",
					"$(inherited)",
				);
				INFOPLIST_FILE = "Week2Tests/Week2Tests-Info.plist";
				PRODUCT_NAME = "$(TARGET_NAME)";
				TEST_HOST = "$(BUNDLE_LOADER)";
				WRAPPER_EXTENSION = xctest;
			};
			name = Debug;
		};
		4B7C8A39194CDE4300EB6125 /* Release */ = {
			isa = XCBuildConfiguration;
			buildSettings = {
				BUNDLE_LOADER = "$(BUILT_PRODUCTS_DIR)/Week2.app/Week2";
				FRAMEWORK_SEARCH_PATHS = (
					"$(SDKROOT)/Developer/Library/Frameworks",
					"$(inherited)",
					"$(DEVELOPER_FRAMEWORKS_DIR)",
				);
				GCC_PRECOMPILE_PREFIX_HEADER = YES;
				GCC_PREFIX_HEADER = "Week2/Week2-Prefix.pch";
				INFOPLIST_FILE = "Week2Tests/Week2Tests-Info.plist";
				PRODUCT_NAME = "$(TARGET_NAME)";
				TEST_HOST = "$(BUNDLE_LOADER)";
				WRAPPER_EXTENSION = xctest;
			};
			name = Release;
		};
/* End XCBuildConfiguration section */

/* Begin XCConfigurationList section */
		4B7C8A03194CDE4300EB6125 /* Build configuration list for PBXProject "Week2" */ = {
			isa = XCConfigurationList;
			buildConfigurations = (
				4B7C8A32194CDE4300EB6125 /* Debug */,
				4B7C8A33194CDE4300EB6125 /* Release */,
			);
			defaultConfigurationIsVisible = 0;
			defaultConfigurationName = Release;
		};
		4B7C8A34194CDE4300EB6125 /* Build configuration list for PBXNativeTarget "Week2" */ = {
			isa = XCConfigurationList;
			buildConfigurations = (
				4B7C8A35194CDE4300EB6125 /* Debug */,
				4B7C8A36194CDE4300EB6125 /* Release */,
			);
			defaultConfigurationIsVisible = 0;
		};
		4B7C8A37194CDE4300EB6125 /* Build configuration list for PBXNativeTarget "Week2Tests" */ = {
			isa = XCConfigurationList;
			buildConfigurations = (
				4B7C8A38194CDE4300EB6125 /* Debug */,
				4B7C8A39194CDE4300EB6125 /* Release */,
			);
			defaultConfigurationIsVisible = 0;
		};
/* End XCConfigurationList section */
	};
	rootObject = 4B7C8A00194CDE4300EB6125 /* Project object */;
}
